
Microsoft Visual Studio Solution File, Format Version 12.00
# Visual Studio Version 17
VisualStudioVersion = 17.9.34714.143
MinimumVisualStudioVersion = 10.0.40219.1
Project("{FAE04EC0-301F-11D3-BF4B-00C04F79EFBC}") = "PROG6221_ICETASK-1_ST10404816_Lisha_Naidoo", "PROG6221_ICETASK-1_ST10404816_Lisha_Naidoo.csproj", "{F62AF1EB-D7C0-420F-9641-461CED8949B6}"
EndProject
Global
	GlobalSection(SolutionConfigurationPlatforms) = preSolution
		Debug|Any CPU = Debug|Any CPU
		Release|Any CPU = Release|Any CPU
	EndGlobalSection
	GlobalSection(ProjectConfigurationPlatforms) = postSolution
		{F62AF1EB-D7C0-420F-9641-461CED8949B6}.Debug|Any CPU.ActiveCfg = Debug|Any CPU
		{F62AF1EB-D7C0-420F-9641-461CED8949B6}.Debug|Any CPU.Build.0 = Debug|Any CPU
		{F62AF1EB-D7C0-420F-9641-461CED8949B6}.Release|Any CPU.ActiveCfg = Release|Any CPU
		{F62AF1EB-D7C0-420F-9641-461CED8949B6}.Release|Any CPU.Build.0 = Release|Any CPU
	EndGlobalSection
	GlobalSection(SolutionProperties) = preSolution
		HideSolutionNode = FALSE
	EndGlobalSection
	GlobalSection(ExtensibilityGlobals) = postSolution
		SolutionGuid = {6229AD11-48E9-4B2D-8D82-CC63494FE8C7}
	EndGlobalSection
EndGlobal
